
Microsoft Visual Studio Solution File, Format Version 12.00
# Visual Studio Version 17
VisualStudioVersion = 17.8.34322.80
MinimumVisualStudioVersion = 10.0.40219.1
Project("{FAE04EC0-301F-11D3-BF4B-00C04F79EFBC}") = "Prim8VR_Installer", "Prim8VR_Installer.csproj", "{BA397AD1-E7C4-4216-B36E-6126661BAB8F}"
EndProject
Global
	GlobalSection(SolutionConfigurationPlatforms) = preSolution
		Debug|Any CPU = Debug|Any CPU
		Release|Any CPU = Release|Any CPU
	EndGlobalSection
	GlobalSection(ProjectConfigurationPlatforms) = postSolution
		{BA397AD1-E7C4-4216-B36E-6126661BAB8F}.Debug|Any CPU.ActiveCfg = Debug|Any CPU
		{BA397AD1-E7C4-4216-B36E-6126661BAB8F}.Debug|Any CPU.Build.0 = Debug|Any CPU
		{BA397AD1-E7C4-4216-B36E-6126661BAB8F}.Release|Any CPU.ActiveCfg = Release|Any CPU
		{BA397AD1-E7C4-4216-B36E-6126661BAB8F}.Release|Any CPU.Build.0 = Release|Any CPU
	EndGlobalSection
	GlobalSection(SolutionProperties) = preSolution
		HideSolutionNode = FALSE
	EndGlobalSection
	GlobalSection(ExtensibilityGlobals) = postSolution
		SolutionGuid = {AB6C16BE-79AD-43C9-95F1-147DDD01C721}
	EndGlobalSection
EndGlobal
